
Microsoft Visual Studio Solution File, Format Version 12.00
# Visual Studio Version 17
VisualStudioVersion = 17.9.34723.18
MinimumVisualStudioVersion = 10.0.40219.1
Project("{FAE04EC0-301F-11D3-BF4B-00C04F79EFBC}") = "API testing", "API testing\API testing.csproj", "{3B243B03-9CA9-4C32-B4D3-813D56C090CA}"
EndProject
Global
	GlobalSection(SolutionConfigurationPlatforms) = preSolution
		Debug|Any CPU = Debug|Any CPU
		Release|Any CPU = Release|Any CPU
	EndGlobalSection
	GlobalSection(ProjectConfigurationPlatforms) = postSolution
		{3B243B03-9CA9-4C32-B4D3-813D56C090CA}.Debug|Any CPU.ActiveCfg = Debug|Any CPU
		{3B243B03-9CA9-4C32-B4D3-813D56C090CA}.Debug|Any CPU.Build.0 = Debug|Any CPU
		{3B243B03-9CA9-4C32-B4D3-813D56C090CA}.Release|Any CPU.ActiveCfg = Release|Any CPU
		{3B243B03-9CA9-4C32-B4D3-813D56C090CA}.Release|Any CPU.Build.0 = Release|Any CPU
	EndGlobalSection
	GlobalSection(SolutionProperties) = preSolution
		HideSolutionNode = FALSE
	EndGlobalSection
	GlobalSection(ExtensibilityGlobals) = postSolution
		SolutionGuid = {6E4EC054-97A6-4397-8033-ED91B48AED6E}
	EndGlobalSection
EndGlobal
